
Microsoft Visual Studio Solution File, Format Version 12.00
# Visual Studio 15
VisualStudioVersion = 15.0.28307.136
MinimumVisualStudioVersion = 10.0.40219.1
Project("{9A19103F-16F7-4668-BE54-9A1E7A4F7556}") = "Company.Project.MvcWebUI", "Company.Project.MvcWebUI\Company.Project.MvcWebUI.csproj", "{7B844BB8-08CC-40A6-AE9A-BAB1C904AF8F}"
EndProject
Project("{9A19103F-16F7-4668-BE54-9A1E7A4F7556}") = "Company.Core", "Company.Core\Company.Core.csproj", "{C468A023-CED0-483E-BA8E-5E751EED8FCA}"
EndProject
Project("{9A19103F-16F7-4668-BE54-9A1E7A4F7556}") = "Company.Project.Entities", "Company.Project.Entities\Company.Project.Entities.csproj", "{7784895B-EBB9-4D7B-9DA9-A4AF87723ED9}"
EndProject
Project("{9A19103F-16F7-4668-BE54-9A1E7A4F7556}") = "Company.Project.DataAccess", "Company.Project.DataAccess\Company.Project.DataAccess.csproj", "{BA27F80F-E3C3-434F-B61E-738F35BFF6DE}"
EndProject
Project("{9A19103F-16F7-4668-BE54-9A1E7A4F7556}") = "Company.Manager.Entities", "Company.Manager.Entities\Company.Manager.Entities.csproj", "{80E549EE-EBBC-4942-8DC7-602D44597525}"
EndProject
Project("{9A19103F-16F7-4668-BE54-9A1E7A4F7556}") = "Company.Manager.DataAccess", "Company.Manager.DataAccess\Company.Manager.DataAccess.csproj", "{ECA78FBB-A51C-4BC9-9AD9-A505C72F93F8}"
EndProject
Project("{2150E333-8FDC-42A3-9474-1A3956D46DE8}") = "Presentation", "Presentation", "{F347B4F5-FE1E-4BBC-8BF2-CDEE9C843642}"
EndProject
Project("{2150E333-8FDC-42A3-9474-1A3956D46DE8}") = "Libraries", "Libraries", "{745BA69D-8EE6-46C9-BBD9-39451F857439}"
EndProject
Project("{2150E333-8FDC-42A3-9474-1A3956D46DE8}") = "Manager", "Manager", "{792DCF5D-76BA-4160-AC63-B2CD6CBDA493}"
EndProject
Project("{2150E333-8FDC-42A3-9474-1A3956D46DE8}") = "Project", "Project", "{9DF89675-F30E-4D48-87E1-E184262D0127}"
EndProject
Project("{2150E333-8FDC-42A3-9474-1A3956D46DE8}") = "Tests", "Tests", "{9EDF6999-7D35-4DE7-A29F-CB17AB224DA3}"
EndProject
Project("{9A19103F-16F7-4668-BE54-9A1E7A4F7556}") = "Company.Project.Business.Tests", "Company.Project.Business.Tests\Company.Project.Business.Tests.csproj", "{C96C62A8-274E-4798-9BA3-706A6D8F3D12}"
EndProject
Project("{9A19103F-16F7-4668-BE54-9A1E7A4F7556}") = "Company.Project.Business", "Company.Project.Business\Company.Project.Business.csproj", "{F5603F80-7CAA-4160-ADAB-79E34347F07E}"
EndProject
Project("{9A19103F-16F7-4668-BE54-9A1E7A4F7556}") = "Company.Manager.Business", "Company.Manager.Business\Company.Manager.Business.csproj", "{717C8C47-37D8-4794-84F4-7C26408965F6}"
EndProject
Project("{9A19103F-16F7-4668-BE54-9A1E7A4F7556}") = "Company.Manager.MvcWebUI", "Company.Manager.MvcWebUI\Company.Manager.MvcWebUI.csproj", "{7A06CBA8-8A1E-48E3-9791-FCE957D779FB}"
EndProject
Project("{9A19103F-16F7-4668-BE54-9A1E7A4F7556}") = "Company.Manager.Business.Tests", "Company.Manager.Business.Tests\Company.Manager.Business.Tests.csproj", "{9195BD3D-D786-48CE-8F23-8DC1F2A11DEB}"
EndProject
Project("{9A19103F-16F7-4668-BE54-9A1E7A4F7556}") = "DatabaseCreator", "DatabaseCreator\DatabaseCreator.csproj", "{7412BBF4-7642-45A9-8025-95E93FD1C603}"
EndProject
Project("{2150E333-8FDC-42A3-9474-1A3956D46DE8}") = "Tools", "Tools", "{96A98E35-9DE1-4EC0-AD00-0543F51D37A8}"
EndProject
Project("{9A19103F-16F7-4668-BE54-9A1E7A4F7556}") = "ProjectPublisher", "ProjectPublisher\ProjectPublisher.csproj", "{3DC353DA-C860-4933-805B-A46D4D91DDAD}"
EndProject
Project("{FAE04EC0-301F-11D3-BF4B-00C04F79EFBC}") = "Company.Project.WebCoreUI", "Company.Project.WebCoreUI\Company.Project.WebCoreUI.csproj", "{F068A6C2-C052-4B4A-9846-5181A49A93CD}"
EndProject
Global
	GlobalSection(SolutionConfigurationPlatforms) = preSolution
		Debug|Any CPU = Debug|Any CPU
		Release|Any CPU = Release|Any CPU
	EndGlobalSection
	GlobalSection(ProjectConfigurationPlatforms) = postSolution
		{7B844BB8-08CC-40A6-AE9A-BAB1C904AF8F}.Debug|Any CPU.ActiveCfg = Debug|Any CPU
		{7B844BB8-08CC-40A6-AE9A-BAB1C904AF8F}.Debug|Any CPU.Build.0 = Debug|Any CPU
		{7B844BB8-08CC-40A6-AE9A-BAB1C904AF8F}.Release|Any CPU.ActiveCfg = Release|Any CPU
		{7B844BB8-08CC-40A6-AE9A-BAB1C904AF8F}.Release|Any CPU.Build.0 = Release|Any CPU
		{C468A023-CED0-483E-BA8E-5E751EED8FCA}.Debug|Any CPU.ActiveCfg = Debug|Any CPU
		{C468A023-CED0-483E-BA8E-5E751EED8FCA}.Debug|Any CPU.Build.0 = Debug|Any CPU
		{C468A023-CED0-483E-BA8E-5E751EED8FCA}.Release|Any CPU.ActiveCfg = Release|Any CPU
		{C468A023-CED0-483E-BA8E-5E751EED8FCA}.Release|Any CPU.Build.0 = Release|Any CPU
		{7784895B-EBB9-4D7B-9DA9-A4AF87723ED9}.Debug|Any CPU.ActiveCfg = Debug|Any CPU
		{7784895B-EBB9-4D7B-9DA9-A4AF87723ED9}.Debug|Any CPU.Build.0 = Debug|Any CPU
		{7784895B-EBB9-4D7B-9DA9-A4AF87723ED9}.Release|Any CPU.ActiveCfg = Release|Any CPU
		{7784895B-EBB9-4D7B-9DA9-A4AF87723ED9}.Release|Any CPU.Build.0 = Release|Any CPU
		{BA27F80F-E3C3-434F-B61E-738F35BFF6DE}.Debug|Any CPU.ActiveCfg = Debug|Any CPU
		{BA27F80F-E3C3-434F-B61E-738F35BFF6DE}.Debug|Any CPU.Build.0 = Debug|Any CPU
		{BA27F80F-E3C3-434F-B61E-738F35BFF6DE}.Release|Any CPU.ActiveCfg = Release|Any CPU
		{BA27F80F-E3C3-434F-B61E-738F35BFF6DE}.Release|Any CPU.Build.0 = Release|Any CPU
		{80E549EE-EBBC-4942-8DC7-602D44597525}.Debug|Any CPU.ActiveCfg = Debug|Any CPU
		{80E549EE-EBBC-4942-8DC7-602D44597525}.Debug|Any CPU.Build.0 = Debug|Any CPU
		{80E549EE-EBBC-4942-8DC7-602D44597525}.Release|Any CPU.ActiveCfg = Release|Any CPU
		{80E549EE-EBBC-4942-8DC7-602D44597525}.Release|Any CPU.Build.0 = Release|Any CPU
		{ECA78FBB-A51C-4BC9-9AD9-A505C72F93F8}.Debug|Any CPU.ActiveCfg = Debug|Any CPU
		{ECA78FBB-A51C-4BC9-9AD9-A505C72F93F8}.Debug|Any CPU.Build.0 = Debug|Any CPU
		{ECA78FBB-A51C-4BC9-9AD9-A505C72F93F8}.Release|Any CPU.ActiveCfg = Release|Any CPU
		{ECA78FBB-A51C-4BC9-9AD9-A505C72F93F8}.Release|Any CPU.Build.0 = Release|Any CPU
		{C96C62A8-274E-4798-9BA3-706A6D8F3D12}.Debug|Any CPU.ActiveCfg = Debug|Any CPU
		{C96C62A8-274E-4798-9BA3-706A6D8F3D12}.Debug|Any CPU.Build.0 = Debug|Any CPU
		{C96C62A8-274E-4798-9BA3-706A6D8F3D12}.Release|Any CPU.ActiveCfg = Release|Any CPU
		{C96C62A8-274E-4798-9BA3-706A6D8F3D12}.Release|Any CPU.Build.0 = Release|Any CPU
		{F5603F80-7CAA-4160-ADAB-79E34347F07E}.Debug|Any CPU.ActiveCfg = Debug|Any CPU
		{F5603F80-7CAA-4160-ADAB-79E34347F07E}.Debug|Any CPU.Build.0 = Debug|Any CPU
		{F5603F80-7CAA-4160-ADAB-79E34347F07E}.Release|Any CPU.ActiveCfg = Release|Any CPU
		{F5603F80-7CAA-4160-ADAB-79E34347F07E}.Release|Any CPU.Build.0 = Release|Any CPU
		{717C8C47-37D8-4794-84F4-7C26408965F6}.Debug|Any CPU.ActiveCfg = Debug|Any CPU
		{717C8C47-37D8-4794-84F4-7C26408965F6}.Debug|Any CPU.Build.0 = Debug|Any CPU
		{717C8C47-37D8-4794-84F4-7C26408965F6}.Release|Any CPU.ActiveCfg = Release|Any CPU
		{717C8C47-37D8-4794-84F4-7C26408965F6}.Release|Any CPU.Build.0 = Release|Any CPU
		{7A06CBA8-8A1E-48E3-9791-FCE957D779FB}.Debug|Any CPU.ActiveCfg = Debug|Any CPU
		{7A06CBA8-8A1E-48E3-9791-FCE957D779FB}.Debug|Any CPU.Build.0 = Debug|Any CPU
		{7A06CBA8-8A1E-48E3-9791-FCE957D779FB}.Release|Any CPU.ActiveCfg = Release|Any CPU
		{7A06CBA8-8A1E-48E3-9791-FCE957D779FB}.Release|Any CPU.Build.0 = Release|Any CPU
		{9195BD3D-D786-48CE-8F23-8DC1F2A11DEB}.Debug|Any CPU.ActiveCfg = Debug|Any CPU
		{9195BD3D-D786-48CE-8F23-8DC1F2A11DEB}.Debug|Any CPU.Build.0 = Debug|Any CPU
		{9195BD3D-D786-48CE-8F23-8DC1F2A11DEB}.Release|Any CPU.ActiveCfg = Release|Any CPU
		{9195BD3D-D786-48CE-8F23-8DC1F2A11DEB}.Release|Any CPU.Build.0 = Release|Any CPU
		{7412BBF4-7642-45A9-8025-95E93FD1C603}.Debug|Any CPU.ActiveCfg = Debug|Any CPU
		{7412BBF4-7642-45A9-8025-95E93FD1C603}.Debug|Any CPU.Build.0 = Debug|Any CPU
		{7412BBF4-7642-45A9-8025-95E93FD1C603}.Release|Any CPU.ActiveCfg = Release|Any CPU
		{7412BBF4-7642-45A9-8025-95E93FD1C603}.Release|Any CPU.Build.0 = Release|Any CPU
		{3DC353DA-C860-4933-805B-A46D4D91DDAD}.Debug|Any CPU.ActiveCfg = Debug|Any CPU
		{3DC353DA-C860-4933-805B-A46D4D91DDAD}.Debug|Any CPU.Build.0 = Debug|Any CPU
		{3DC353DA-C860-4933-805B-A46D4D91DDAD}.Release|Any CPU.ActiveCfg = Release|Any CPU
		{3DC353DA-C860-4933-805B-A46D4D91DDAD}.Release|Any CPU.Build.0 = Release|Any CPU
		{F068A6C2-C052-4B4A-9846-5181A49A93CD}.Debug|Any CPU.ActiveCfg = Debug|Any CPU
		{F068A6C2-C052-4B4A-9846-5181A49A93CD}.Debug|Any CPU.Build.0 = Debug|Any CPU
		{F068A6C2-C052-4B4A-9846-5181A49A93CD}.Release|Any CPU.ActiveCfg = Release|Any CPU
		{F068A6C2-C052-4B4A-9846-5181A49A93CD}.Release|Any CPU.Build.0 = Release|Any CPU
	EndGlobalSection
	GlobalSection(SolutionProperties) = preSolution
		HideSolutionNode = FALSE
	EndGlobalSection
	GlobalSection(NestedProjects) = preSolution
		{7B844BB8-08CC-40A6-AE9A-BAB1C904AF8F} = {F347B4F5-FE1E-4BBC-8BF2-CDEE9C843642}
		{C468A023-CED0-483E-BA8E-5E751EED8FCA} = {745BA69D-8EE6-46C9-BBD9-39451F857439}
		{7784895B-EBB9-4D7B-9DA9-A4AF87723ED9} = {9DF89675-F30E-4D48-87E1-E184262D0127}
		{BA27F80F-E3C3-434F-B61E-738F35BFF6DE} = {9DF89675-F30E-4D48-87E1-E184262D0127}
		{80E549EE-EBBC-4942-8DC7-602D44597525} = {792DCF5D-76BA-4160-AC63-B2CD6CBDA493}
		{ECA78FBB-A51C-4BC9-9AD9-A505C72F93F8} = {792DCF5D-76BA-4160-AC63-B2CD6CBDA493}
		{792DCF5D-76BA-4160-AC63-B2CD6CBDA493} = {745BA69D-8EE6-46C9-BBD9-39451F857439}
		{9DF89675-F30E-4D48-87E1-E184262D0127} = {745BA69D-8EE6-46C9-BBD9-39451F857439}
		{C96C62A8-274E-4798-9BA3-706A6D8F3D12} = {9EDF6999-7D35-4DE7-A29F-CB17AB224DA3}
		{F5603F80-7CAA-4160-ADAB-79E34347F07E} = {9DF89675-F30E-4D48-87E1-E184262D0127}
		{717C8C47-37D8-4794-84F4-7C26408965F6} = {792DCF5D-76BA-4160-AC63-B2CD6CBDA493}
		{7A06CBA8-8A1E-48E3-9791-FCE957D779FB} = {F347B4F5-FE1E-4BBC-8BF2-CDEE9C843642}
		{9195BD3D-D786-48CE-8F23-8DC1F2A11DEB} = {9EDF6999-7D35-4DE7-A29F-CB17AB224DA3}
		{7412BBF4-7642-45A9-8025-95E93FD1C603} = {96A98E35-9DE1-4EC0-AD00-0543F51D37A8}
		{3DC353DA-C860-4933-805B-A46D4D91DDAD} = {96A98E35-9DE1-4EC0-AD00-0543F51D37A8}
		{F068A6C2-C052-4B4A-9846-5181A49A93CD} = {F347B4F5-FE1E-4BBC-8BF2-CDEE9C843642}
	EndGlobalSection
	GlobalSection(ExtensibilityGlobals) = postSolution
		SolutionGuid = {4B23A59D-4B7B-44C7-876F-A6F90FCB9406}
	EndGlobalSection
EndGlobal
